{
  "nodes": {
    "nixpkgs": {
      "locked": {
        "lastModified": 1708440434,
        "narHash": "sha256-XY+B9mbhL/i+Q6fP6gBQ6P76rv9rWtpjQiUJ+DGtaUg=",
        "owner": "nixos",
        "repo": "nixpkgs",
        "rev": "526d051b128b82ae045a70e5ff1adf8e6dafa560",
        "type": "github"
      },
      "original": {
        "owner": "nixos",
        "ref": "nixos-23.11",
        "repo": "nixpkgs",
        "type": "github"
      }
    },
    "root": {
      "inputs": {
        "nixpkgs": "nixpkgs"
      }
    }
  },
  "root": "root",
  "version": 7
}
